
Microsoft Visual Studio Solution File, Format Version 12.00
# Visual Studio 14
VisualStudioVersion = 14.0.24720.0
MinimumVisualStudioVersion = 10.0.40219.1
Project("{FAE04EC0-301F-11D3-BF4B-00C04F79EFBC}") = "WebPlat_Test_1", "WebPlat_Test_1\WebPlat_Test_1.csproj", "{B4B2D171-FD64-47A0-ABB6-718C3A2CC352}"
EndProject
Project("{FAE04EC0-301F-11D3-BF4B-00C04F79EFBC}") = "WebPlat_Test_3", "WebPlat_Test_3\WebPlat_Test_3.csproj", "{330D1784-3EC0-4699-998C-412E29AA6DEC}"
EndProject
Global
	GlobalSection(SolutionConfigurationPlatforms) = preSolution
		Debug|Any CPU = Debug|Any CPU
		Release|Any CPU = Release|Any CPU
	EndGlobalSection
	GlobalSection(ProjectConfigurationPlatforms) = postSolution
		{B4B2D171-FD64-47A0-ABB6-718C3A2CC352}.Debug|Any CPU.ActiveCfg = Debug|Any CPU
		{B4B2D171-FD64-47A0-ABB6-718C3A2CC352}.Debug|Any CPU.Build.0 = Debug|Any CPU
		{B4B2D171-FD64-47A0-ABB6-718C3A2CC352}.Release|Any CPU.ActiveCfg = Release|Any CPU
		{B4B2D171-FD64-47A0-ABB6-718C3A2CC352}.Release|Any CPU.Build.0 = Release|Any CPU
		{330D1784-3EC0-4699-998C-412E29AA6DEC}.Debug|Any CPU.ActiveCfg = Debug|Any CPU
		{330D1784-3EC0-4699-998C-412E29AA6DEC}.Debug|Any CPU.Build.0 = Debug|Any CPU
		{330D1784-3EC0-4699-998C-412E29AA6DEC}.Release|Any CPU.ActiveCfg = Release|Any CPU
		{330D1784-3EC0-4699-998C-412E29AA6DEC}.Release|Any CPU.Build.0 = Release|Any CPU
	EndGlobalSection
	GlobalSection(SolutionProperties) = preSolution
		HideSolutionNode = FALSE
	EndGlobalSection
EndGlobal
